# THIS IS AN AUTOGENERATED FILE. DO NOT EDIT THIS FILE DIRECTLY.
# yarn lockfile v1


async@0.2.10:
  version "0.2.10"
  resolved "https://registry.yarnpkg.com/async/-/async-0.2.10.tgz#b6bbe0b0674b9d719708ca38de8c237cb526c3d1"

dateformat@1.0.7-1.2.3:
  version "1.0.7-1.2.3"
  resolved "https://registry.yarnpkg.com/dateformat/-/dateformat-1.0.7-1.2.3.tgz#ebb561bb7214ee57a8dc2687adab1d555de9419c"

ejs@~0.8.5:
  version "0.8.8"
  resolved "https://registry.yarnpkg.com/ejs/-/ejs-0.8.8.tgz#ffdc56dcc35d02926dd50ad13439bbc54061d598"
